
Microsoft Visual Studio Solution File, Format Version 12.00
# Visual Studio Version 17
VisualStudioVersion = 17.0.31903.59
MinimumVisualStudioVersion = 10.0.40219.1
Project("{FAE04EC0-301F-11D3-BF4B-00C04F79EFBC}") = "Payment.Api", "Payment.Api\Payment.Api.csproj", "{7DB0661B-1569-42B7-AAE5-3E18A6707FD0}"
EndProject
Project("{FAE04EC0-301F-11D3-BF4B-00C04F79EFBC}") = "Payment.Application", "Payment.Application\Payment.Application.csproj", "{F9DAB8A5-73AB-4292-A7D6-E575D1068A5C}"
EndProject
Project("{FAE04EC0-301F-11D3-BF4B-00C04F79EFBC}") = "Payment.Domain", "Payment.Domain\Payment.Domain.csproj", "{B4E57C57-5022-46B6-8C86-C19166A3D9BD}"
EndProject
Project("{FAE04EC0-301F-11D3-BF4B-00C04F79EFBC}") = "Payment.Infrastructure", "Payment.Infrastructure\Payment.Infrastructure.csproj", "{B6C02E9A-1D3A-4DF9-B35E-27AC563469A3}"
EndProject
Project("{FAE04EC0-301F-11D3-BF4B-00C04F79EFBC}") = "Payment.Tests", "Payment.Tests\Payment.Tests.csproj", "{3C10B5B7-51BC-4CD4-A261-2AB735DC4D53}"
EndProject
Global
	GlobalSection(SolutionConfigurationPlatforms) = preSolution
		Debug|Any CPU = Debug|Any CPU
		Release|Any CPU = Release|Any CPU
	EndGlobalSection
	GlobalSection(SolutionProperties) = preSolution
		HideSolutionNode = FALSE
	EndGlobalSection
	GlobalSection(ProjectConfigurationPlatforms) = postSolution
		{7DB0661B-1569-42B7-AAE5-3E18A6707FD0}.Debug|Any CPU.ActiveCfg = Debug|Any CPU
		{7DB0661B-1569-42B7-AAE5-3E18A6707FD0}.Debug|Any CPU.Build.0 = Debug|Any CPU
		{7DB0661B-1569-42B7-AAE5-3E18A6707FD0}.Release|Any CPU.ActiveCfg = Release|Any CPU
		{7DB0661B-1569-42B7-AAE5-3E18A6707FD0}.Release|Any CPU.Build.0 = Release|Any CPU
		{F9DAB8A5-73AB-4292-A7D6-E575D1068A5C}.Debug|Any CPU.ActiveCfg = Debug|Any CPU
		{F9DAB8A5-73AB-4292-A7D6-E575D1068A5C}.Debug|Any CPU.Build.0 = Debug|Any CPU
		{F9DAB8A5-73AB-4292-A7D6-E575D1068A5C}.Release|Any CPU.ActiveCfg = Release|Any CPU
		{F9DAB8A5-73AB-4292-A7D6-E575D1068A5C}.Release|Any CPU.Build.0 = Release|Any CPU
		{B4E57C57-5022-46B6-8C86-C19166A3D9BD}.Debug|Any CPU.ActiveCfg = Debug|Any CPU
		{B4E57C57-5022-46B6-8C86-C19166A3D9BD}.Debug|Any CPU.Build.0 = Debug|Any CPU
		{B4E57C57-5022-46B6-8C86-C19166A3D9BD}.Release|Any CPU.ActiveCfg = Release|Any CPU
		{B4E57C57-5022-46B6-8C86-C19166A3D9BD}.Release|Any CPU.Build.0 = Release|Any CPU
		{B6C02E9A-1D3A-4DF9-B35E-27AC563469A3}.Debug|Any CPU.ActiveCfg = Debug|Any CPU
		{B6C02E9A-1D3A-4DF9-B35E-27AC563469A3}.Debug|Any CPU.Build.0 = Debug|Any CPU
		{B6C02E9A-1D3A-4DF9-B35E-27AC563469A3}.Release|Any CPU.ActiveCfg = Release|Any CPU
		{B6C02E9A-1D3A-4DF9-B35E-27AC563469A3}.Release|Any CPU.Build.0 = Release|Any CPU
		{3C10B5B7-51BC-4CD4-A261-2AB735DC4D53}.Debug|Any CPU.ActiveCfg = Debug|Any CPU
		{3C10B5B7-51BC-4CD4-A261-2AB735DC4D53}.Debug|Any CPU.Build.0 = Debug|Any CPU
		{3C10B5B7-51BC-4CD4-A261-2AB735DC4D53}.Release|Any CPU.ActiveCfg = Release|Any CPU
		{3C10B5B7-51BC-4CD4-A261-2AB735DC4D53}.Release|Any CPU.Build.0 = Release|Any CPU
	EndGlobalSection
EndGlobal
